{
  "name": "ocpc_test",
  "version": "1.0.0",
  "lockfileVersion": 1,
  "requires": true,
  "dependencies": {
    "angelia-swan": {
      "version": "0.0.10",
      "resolved": "https://registry.npmjs.org/angelia-swan/-/angelia-swan-0.0.10.tgz",
      "integrity": "sha512-g3GmZm0LMP4SDKrvY94MyOYArGe2S3rQHpIt7mzUYdzTZXEFAgtA4nnwSRd5J2ExlyNe6BywU9x3nocrZrrDzQ=="
    }
  }
}
